
Microsoft Visual Studio Solution File, Format Version 12.00
# Visual Studio Version 17
VisualStudioVersion = 17.0.31903.59
MinimumVisualStudioVersion = 10.0.40219.1
Project("{2150E333-8FDC-42A3-9474-1A3956D46DE8}") = "src", "src", "{BE4C48B7-5E7D-4E5F-80A1-C5A7AA1A1091}"
EndProject
Project("{FAE04EC0-301F-11D3-BF4B-00C04F79EFBC}") = "AdventOfCode.Core", "src\AdventOfCode.Core\AdventOfCode.Core.csproj", "{1A8B87C8-8CE9-4898-AAC5-B452221D5A35}"
EndProject
Project("{FAE04EC0-301F-11D3-BF4B-00C04F79EFBC}") = "AdventOfCode.Solutions", "src\AdventOfCode.Solutions\AdventOfCode.Solutions.csproj", "{A610CDA6-B14D-4B1F-A78A-1CD6F04F7865}"
EndProject
Project("{FAE04EC0-301F-11D3-BF4B-00C04F79EFBC}") = "AdventOfCode.ConsoleApp", "src\AdventOfCode.ConsoleApp\AdventOfCode.ConsoleApp.csproj", "{97DD7474-40C5-45FF-9C8E-948C46C66E56}"
EndProject
Global
	GlobalSection(SolutionConfigurationPlatforms) = preSolution
		Debug|Any CPU = Debug|Any CPU
		Release|Any CPU = Release|Any CPU
	EndGlobalSection
	GlobalSection(SolutionProperties) = preSolution
		HideSolutionNode = FALSE
	EndGlobalSection
	GlobalSection(ProjectConfigurationPlatforms) = postSolution
		{1A8B87C8-8CE9-4898-AAC5-B452221D5A35}.Debug|Any CPU.ActiveCfg = Debug|Any CPU
		{1A8B87C8-8CE9-4898-AAC5-B452221D5A35}.Debug|Any CPU.Build.0 = Debug|Any CPU
		{1A8B87C8-8CE9-4898-AAC5-B452221D5A35}.Release|Any CPU.ActiveCfg = Release|Any CPU
		{1A8B87C8-8CE9-4898-AAC5-B452221D5A35}.Release|Any CPU.Build.0 = Release|Any CPU
		{A610CDA6-B14D-4B1F-A78A-1CD6F04F7865}.Debug|Any CPU.ActiveCfg = Debug|Any CPU
		{A610CDA6-B14D-4B1F-A78A-1CD6F04F7865}.Debug|Any CPU.Build.0 = Debug|Any CPU
		{A610CDA6-B14D-4B1F-A78A-1CD6F04F7865}.Release|Any CPU.ActiveCfg = Release|Any CPU
		{A610CDA6-B14D-4B1F-A78A-1CD6F04F7865}.Release|Any CPU.Build.0 = Release|Any CPU
		{97DD7474-40C5-45FF-9C8E-948C46C66E56}.Debug|Any CPU.ActiveCfg = Debug|Any CPU
		{97DD7474-40C5-45FF-9C8E-948C46C66E56}.Debug|Any CPU.Build.0 = Debug|Any CPU
		{97DD7474-40C5-45FF-9C8E-948C46C66E56}.Release|Any CPU.ActiveCfg = Release|Any CPU
		{97DD7474-40C5-45FF-9C8E-948C46C66E56}.Release|Any CPU.Build.0 = Release|Any CPU
	EndGlobalSection
	GlobalSection(NestedProjects) = preSolution
		{1A8B87C8-8CE9-4898-AAC5-B452221D5A35} = {BE4C48B7-5E7D-4E5F-80A1-C5A7AA1A1091}
		{A610CDA6-B14D-4B1F-A78A-1CD6F04F7865} = {BE4C48B7-5E7D-4E5F-80A1-C5A7AA1A1091}
		{97DD7474-40C5-45FF-9C8E-948C46C66E56} = {BE4C48B7-5E7D-4E5F-80A1-C5A7AA1A1091}
	EndGlobalSection
EndGlobal
